PODS:
  - Kingfisher (7.5.0)
  - SDWebImage (5.14.3):
    - SDWebImage/Core (= 5.14.3)
  - SDWebImage/Core (5.14.3)

DEPENDENCIES:
  - Kingfisher (~> 7.0)
  - SDWebImage (~> 5.0)

SPEC REPOS:
  trunk:
    - Kingfisher
    - SDWebImage

SPEC CHECKSUMS:
  Kingfisher: b9c2a4a4af2990a768445c277359b27bde287d71
  SDWebImage: 9c36e66c8ce4620b41a7407698dda44211a96764

PODFILE CHECKSUM: 7beb829ca66a60c8f140468bb2ac44fbf9ae3ca0

COCOAPODS: 1.8.4
